
Microsoft Visual Studio Solution File, Format Version 12.00
# Visual Studio Version 17
VisualStudioVersion = 17.5.33627.172
MinimumVisualStudioVersion = 10.0.40219.1
Project("{FAE04EC0-301F-11D3-BF4B-00C04F79EFBC}") = "Tcc", "Tcc.csproj", "{0BBD1E54-8340-41D6-B2E5-14F98BAC9C6C}"
EndProject
Global
	GlobalSection(SolutionConfigurationPlatforms) = preSolution
		Debug|Any CPU = Debug|Any CPU
		Release|Any CPU = Release|Any CPU
	EndGlobalSection
	GlobalSection(ProjectConfigurationPlatforms) = postSolution
		{0BBD1E54-8340-41D6-B2E5-14F98BAC9C6C}.Debug|Any CPU.ActiveCfg = Debug|Any CPU
		{0BBD1E54-8340-41D6-B2E5-14F98BAC9C6C}.Debug|Any CPU.Build.0 = Debug|Any CPU
		{0BBD1E54-8340-41D6-B2E5-14F98BAC9C6C}.Release|Any CPU.ActiveCfg = Release|Any CPU
		{0BBD1E54-8340-41D6-B2E5-14F98BAC9C6C}.Release|Any CPU.Build.0 = Release|Any CPU
	EndGlobalSection
	GlobalSection(SolutionProperties) = preSolution
		HideSolutionNode = FALSE
	EndGlobalSection
	GlobalSection(ExtensibilityGlobals) = postSolution
		SolutionGuid = {E1A8810F-4BC4-4E35-B636-1D07CED699E5}
	EndGlobalSection
EndGlobal
